
Microsoft Visual Studio Solution File, Format Version 12.00
# Visual Studio 15
VisualStudioVersion = 15.0.27428.2043
MinimumVisualStudioVersion = 10.0.40219.1
Project("{FAE04EC0-301F-11D3-BF4B-00C04F79EFBC}") = "Interfaces", "Interfaces\Interfaces.csproj", "{C9942A19-75BB-4F9D-B3FE-3F178B6E59E6}"
EndProject
Global
	GlobalSection(SolutionConfigurationPlatforms) = preSolution
		Debug|Any CPU = Debug|Any CPU
		Release|Any CPU = Release|Any CPU
	EndGlobalSection
	GlobalSection(ProjectConfigurationPlatforms) = postSolution
		{C9942A19-75BB-4F9D-B3FE-3F178B6E59E6}.Debug|Any CPU.ActiveCfg = Debug|Any CPU
		{C9942A19-75BB-4F9D-B3FE-3F178B6E59E6}.Debug|Any CPU.Build.0 = Debug|Any CPU
		{C9942A19-75BB-4F9D-B3FE-3F178B6E59E6}.Release|Any CPU.ActiveCfg = Release|Any CPU
		{C9942A19-75BB-4F9D-B3FE-3F178B6E59E6}.Release|Any CPU.Build.0 = Release|Any CPU
	EndGlobalSection
	GlobalSection(SolutionProperties) = preSolution
		HideSolutionNode = FALSE
	EndGlobalSection
	GlobalSection(ExtensibilityGlobals) = postSolution
		SolutionGuid = {CFB82D2B-BDEA-4F4A-BB0A-C06BB9BDB01C}
	EndGlobalSection
EndGlobal
