
Microsoft Visual Studio Solution File, Format Version 12.00
# Visual Studio 15
VisualStudioVersion = 15.0.27428.2043
MinimumVisualStudioVersion = 10.0.40219.1
Project("{FAE04EC0-301F-11D3-BF4B-00C04F79EFBC}") = "HelloWorldApplication", "HelloWorldApplication\HelloWorldApplication.csproj", "{020EDB40-2401-4002-AF0D-F39573A7C969}"
EndProject
Global
	GlobalSection(SolutionConfigurationPlatforms) = preSolution
		Debug|Any CPU = Debug|Any CPU
		Release|Any CPU = Release|Any CPU
	EndGlobalSection
	GlobalSection(ProjectConfigurationPlatforms) = postSolution
		{020EDB40-2401-4002-AF0D-F39573A7C969}.Debug|Any CPU.ActiveCfg = Debug|Any CPU
		{020EDB40-2401-4002-AF0D-F39573A7C969}.Debug|Any CPU.Build.0 = Debug|Any CPU
		{020EDB40-2401-4002-AF0D-F39573A7C969}.Release|Any CPU.ActiveCfg = Release|Any CPU
		{020EDB40-2401-4002-AF0D-F39573A7C969}.Release|Any CPU.Build.0 = Release|Any CPU
	EndGlobalSection
	GlobalSection(SolutionProperties) = preSolution
		HideSolutionNode = FALSE
	EndGlobalSection
	GlobalSection(ExtensibilityGlobals) = postSolution
		SolutionGuid = {2C595228-EAC1-459F-9A27-ED05155B5100}
	EndGlobalSection
EndGlobal
